
Microsoft Visual Studio Solution File, Format Version 12.00
# Visual Studio Version 17
VisualStudioVersion = 17.14.37314.3 d17.14
MinimumVisualStudioVersion = 10.0.40219.1
Project("{FAE04EC0-301F-11D3-BF4B-00C04F79EFBC}") = "GhostGym", "GhostGym\GhostGym.csproj", "{439A69DC-5EDC-4B3E-8530-181A5217BE5B}"
EndProject
Global
	GlobalSection(SolutionConfigurationPlatforms) = preSolution
		Debug|Any CPU = Debug|Any CPU
		Release|Any CPU = Release|Any CPU
	EndGlobalSection
	GlobalSection(ProjectConfigurationPlatforms) = postSolution
		{439A69DC-5EDC-4B3E-8530-181A5217BE5B}.Debug|Any CPU.ActiveCfg = Debug|Any CPU
		{439A69DC-5EDC-4B3E-8530-181A5217BE5B}.Debug|Any CPU.Build.0 = Debug|Any CPU
		{439A69DC-5EDC-4B3E-8530-181A5217BE5B}.Release|Any CPU.ActiveCfg = Release|Any CPU
		{439A69DC-5EDC-4B3E-8530-181A5217BE5B}.Release|Any CPU.Build.0 = Release|Any CPU
	EndGlobalSection
	GlobalSection(SolutionProperties) = preSolution
		HideSolutionNode = FALSE
	EndGlobalSection
	GlobalSection(ExtensibilityGlobals) = postSolution
		SolutionGuid = {BF769A93-8412-4E7D-AB99-4F3669B3C85F}
	EndGlobalSection
EndGlobal
